
Microsoft Visual Studio Solution File, Format Version 12.00
# Visual Studio Version 16
VisualStudioVersion = 16.0.32002.261
MinimumVisualStudioVersion = 10.0.40219.1
Project("{FAE04EC0-301F-11D3-BF4B-00C04F79EFBC}") = "Delegates_E_Operacoes_Lambda", "Delegates_E_Operacoes_Lambda\Delegates_E_Operacoes_Lambda.csproj", "{BD3F09BB-FCA4-4987-8864-3609C0E0B995}"
EndProject
Global
	GlobalSection(SolutionConfigurationPlatforms) = preSolution
		Debug|Any CPU = Debug|Any CPU
		Release|Any CPU = Release|Any CPU
	EndGlobalSection
	GlobalSection(ProjectConfigurationPlatforms) = postSolution
		{BD3F09BB-FCA4-4987-8864-3609C0E0B995}.Debug|Any CPU.ActiveCfg = Debug|Any CPU
		{BD3F09BB-FCA4-4987-8864-3609C0E0B995}.Debug|Any CPU.Build.0 = Debug|Any CPU
		{BD3F09BB-FCA4-4987-8864-3609C0E0B995}.Release|Any CPU.ActiveCfg = Release|Any CPU
		{BD3F09BB-FCA4-4987-8864-3609C0E0B995}.Release|Any CPU.Build.0 = Release|Any CPU
	EndGlobalSection
	GlobalSection(SolutionProperties) = preSolution
		HideSolutionNode = FALSE
	EndGlobalSection
	GlobalSection(ExtensibilityGlobals) = postSolution
		SolutionGuid = {6050AE15-439F-4A4E-B29C-489BBFC7E163}
	EndGlobalSection
EndGlobal
